
Microsoft Visual Studio Solution File, Format Version 12.00
# Visual Studio Version 17
VisualStudioVersion = 17.9.34701.34
MinimumVisualStudioVersion = 10.0.40219.1
Project("{FAE04EC0-301F-11D3-BF4B-00C04F79EFBC}") = "APM", "APM.csproj", "{3A968F81-8110-415B-A6E7-D12650A09ED9}"
EndProject
Global
	GlobalSection(SolutionConfigurationPlatforms) = preSolution
		Debug|Any CPU = Debug|Any CPU
		Release|Any CPU = Release|Any CPU
	EndGlobalSection
	GlobalSection(ProjectConfigurationPlatforms) = postSolution
		{3A968F81-8110-415B-A6E7-D12650A09ED9}.Debug|Any CPU.ActiveCfg = Debug|Any CPU
		{3A968F81-8110-415B-A6E7-D12650A09ED9}.Debug|Any CPU.Build.0 = Debug|Any CPU
		{3A968F81-8110-415B-A6E7-D12650A09ED9}.Release|Any CPU.ActiveCfg = Release|Any CPU
		{3A968F81-8110-415B-A6E7-D12650A09ED9}.Release|Any CPU.Build.0 = Release|Any CPU
	EndGlobalSection
	GlobalSection(SolutionProperties) = preSolution
		HideSolutionNode = FALSE
	EndGlobalSection
	GlobalSection(ExtensibilityGlobals) = postSolution
		SolutionGuid = {70F78C19-DC78-4A9B-913E-9F840B9A704E}
	EndGlobalSection
EndGlobal
